
Microsoft Visual Studio Solution File, Format Version 12.00
# Visual Studio Version 17
VisualStudioVersion = 17.8.34408.163
MinimumVisualStudioVersion = 10.0.40219.1
Project("{FAE04EC0-301F-11D3-BF4B-00C04F79EFBC}") = "Tarefa Raí", "Tarefa Raí\Tarefa Raí.csproj", "{C51E97BC-BA72-4C31-91A9-D2EFDC347722}"
EndProject
Global
	GlobalSection(SolutionConfigurationPlatforms) = preSolution
		Debug|Any CPU = Debug|Any CPU
		Release|Any CPU = Release|Any CPU
	EndGlobalSection
	GlobalSection(ProjectConfigurationPlatforms) = postSolution
		{C51E97BC-BA72-4C31-91A9-D2EFDC347722}.Debug|Any CPU.ActiveCfg = Debug|Any CPU
		{C51E97BC-BA72-4C31-91A9-D2EFDC347722}.Debug|Any CPU.Build.0 = Debug|Any CPU
		{C51E97BC-BA72-4C31-91A9-D2EFDC347722}.Release|Any CPU.ActiveCfg = Release|Any CPU
		{C51E97BC-BA72-4C31-91A9-D2EFDC347722}.Release|Any CPU.Build.0 = Release|Any CPU
	EndGlobalSection
	GlobalSection(SolutionProperties) = preSolution
		HideSolutionNode = FALSE
	EndGlobalSection
	GlobalSection(ExtensibilityGlobals) = postSolution
		SolutionGuid = {51535F05-BD16-4751-A906-BDFF7F1F3C31}
	EndGlobalSection
EndGlobal
